// !$*UTF8*$!
{
	archiveVersion = 1;
	classes = {
	};
	objectVersion = 48;
	objects = {

/* Begin PBXBuildFile section */
		3707B87820336E5F007C9925 /* SpringBoardActionableTextInputNotification.swift in Sources */ = {isa = PBXBuildFile; fileRef = 3707B87720336E5F007C9925 /* SpringBoardActionableTextInputNotification.swift */; };
		3707B87A20337A7E007C9925 /* ControlCenter.swift in Sources */ = {isa = PBXBuildFile; fileRef = 3707B87920337A7E007C9925 /* ControlCenter.swift */; };
		3707B87C20337AAA007C9925 /* ControlCenterUITests.swift in Sources */ = {isa = PBXBuildFile; fileRef = 3707B87B20337AAA007C9925 /* ControlCenterUITests.swift */; };
		3707B87E20338833007C9925 /* PushNotificationExtension.swift in Sources */ = {isa = PBXBuildFile; fileRef = 3707B87D20338833007C9925 /* PushNotificationExtension.swift */; };
		372FD1D11FFEC28200A63AAE /* MainViewController.swift in Sources */ = {isa = PBXBuildFile; fileRef = 372FD1D01FFEC28200A63AAE /* MainViewController.swift */; };
		372FD1D51FFECC8600A63AAE /* PushNotificationHandler.swift in Sources */ = {isa = PBXBuildFile; fileRef = 372FD1D41FFECC8600A63AAE /* PushNotificationHandler.swift */; };
		372FD1D71FFECFB000A63AAE /* apns_dev.p12 in Resources */ = {isa = PBXBuildFile; fileRef = 372FD1D61FFECFB000A63AAE /* apns_dev.p12 */; };
		375DA25C1FFD80A2008FE6E5 /* Theft.storyboard in Resources */ = {isa = PBXBuildFile; fileRef = 375DA25B1FFD80A2008FE6E5 /* Theft.storyboard */; };
		375DA25E1FFD80B2008FE6E5 /* TheftViewController.swift in Sources */ = {isa = PBXBuildFile; fileRef = 375DA25D1FFD80B2008FE6E5 /* TheftViewController.swift */; };
		375DA26E1FFD8199008FE6E5 /* TheftViewControllerTests.swift in Sources */ = {isa = PBXBuildFile; fileRef = 375DA26D1FFD8199008FE6E5 /* TheftViewControllerTests.swift */; };
		379E88DA20239F9800B1CEED /* MainViewControllerUITests.swift in Sources */ = {isa = PBXBuildFile; fileRef = 379E88D920239F9800B1CEED /* MainViewControllerUITests.swift */; };
		37A6441F2030D3B100EB7767 /* BikePosition.swift in Sources */ = {isa = PBXBuildFile; fileRef = 37A6441E2030D3B100EB7767 /* BikePosition.swift */; };
		37A644232030EAE500EB7767 /* SpringBoardActionableNotification.swift in Sources */ = {isa = PBXBuildFile; fileRef = 37A644222030EAE500EB7767 /* SpringBoardActionableNotification.swift */; };
		37DE607A1FFD7CE500137FCE /* AppDelegate.swift in Sources */ = {isa = PBXBuildFile; fileRef = 37DE60791FFD7CE500137FCE /* AppDelegate.swift */; };
		37DE607F1FFD7CE500137FCE /* Main.storyboard in Resources */ = {isa = PBXBuildFile; fileRef = 37DE607D1FFD7CE500137FCE /* Main.storyboard */; };
		37DE60811FFD7CE500137FCE /* Assets.xcassets in Resources */ = {isa = PBXBuildFile; fileRef = 37DE60801FFD7CE500137FCE /* Assets.xcassets */; };
		37DE60841FFD7CE500137FCE /* LaunchScreen.storyboard in Resources */ = {isa = PBXBuildFile; fileRef = 37DE60821FFD7CE500137FCE /* LaunchScreen.storyboard */; };
		37DE608F1FFD7CE500137FCE /* TestingPushNotificationsUITests.swift in Sources */ = {isa = PBXBuildFile; fileRef = 37DE608E1FFD7CE500137FCE /* TestingPushNotificationsUITests.swift */; };
		6459FF56FD81D1463991B75A /* Pods_TestingPushNotificationsUITests.framework in Frameworks */ = {isa = PBXBuildFile; fileRef = 5F36F29888470FA71BC15F81 /* Pods_TestingPushNotificationsUITests.framework */; };
		65839AB2FC40FD896EC5EDB8 /* Pods_TestingPushNotifications.framework in Frameworks */ = {isa = PBXBuildFile; fileRef = 300BAEEB7C7ED07929A9A3E1 /* Pods_TestingPushNotifications.framework */; };
/* End PBXBuildFile section */

/* Begin PBXContainerItemProxy section */
		375DA2681FFD8184008FE6E5 /* PBXContainerItemProxy */ = {
			isa = PBXContainerItemProxy;
			containerPortal = 37DE606E1FFD7CE500137FCE /* Project object */;
			proxyType = 1;
			remoteGlobalIDString = 37DE60751FFD7CE500137FCE;
			remoteInfo = TestingPushNotifications;
		};
		37DE608B1FFD7CE500137FCE /* PBXContainerItemProxy */ = {
			isa = PBXContainerItemProxy;
			containerPortal = 37DE606E1FFD7CE500137FCE /* Project object */;
			proxyType = 1;
			remoteGlobalIDString = 37DE60751FFD7CE500137FCE;
			remoteInfo = TestingPushNotifications;
		};
/* End PBXContainerItemProxy section */

/* Begin PBXFileReference section */
		115928661A071386FCA87DF6 /* Pods-TestingPushNotifications.debug.xcconfig */ = {isa = PBXFileReference; includeInIndex = 1; lastKnownFileType = text.xcconfig; name = "Pods-TestingPushNotifications.debug.xcconfig"; path = "Pods/Target Support Files/Pods-TestingPushNotifications/Pods-TestingPushNotifications.debug.xcconfig"; sourceTree = "<group>"; };
		13CA971DA2235E823D37152C /* Pods-TestingPushNotifications.release.xcconfig */ = {isa = PBXFileReference; includeInIndex = 1; lastKnownFileType = text.xcconfig; name = "Pods-TestingPushNotifications.release.xcconfig"; path = "Pods/Target Support Files/Pods-TestingPushNotifications/Pods-TestingPushNotifications.release.xcconfig"; sourceTree = "<group>"; };
		300BAEEB7C7ED07929A9A3E1 /* Pods_TestingPushNotifications.framework */ = {isa = PBXFileReference; explicitFileType = wrapper.framework; includeInIndex = 0; path = Pods_TestingPushNotifications.framework; sourceTree = BUILT_PRODUCTS_DIR; };
		33D5089623FFC0C006B00725 /* Pods-TestingPushNotificationsUITests.release.xcconfig */ = {isa = PBXFileReference; includeInIndex = 1; lastKnownFileType = text.xcconfig; name = "Pods-TestingPushNotificationsUITests.release.xcconfig"; path = "Pods/Target Support Files/Pods-TestingPushNotificationsUITests/Pods-TestingPushNotificationsUITests.release.xcconfig"; sourceTree = "<group>"; };
		3707B87720336E5F007C9925 /* SpringBoardActionableTextInputNotification.swift */ = {isa = PBXFileReference; lastKnownFileType = sourcecode.swift; path = SpringBoardActionableTextInputNotification.swift; sourceTree = "<group>"; };
		3707B87920337A7E007C9925 /* ControlCenter.swift */ = {isa = PBXFileReference; lastKnownFileType = sourcecode.swift; path = ControlCenter.swift; sourceTree = "<group>"; };
		3707B87B20337AAA007C9925 /* ControlCenterUITests.swift */ = {isa = PBXFileReference; lastKnownFileType = sourcecode.swift; path = ControlCenterUITests.swift; sourceTree = "<group>"; };
		3707B87D20338833007C9925 /* PushNotificationExtension.swift */ = {isa = PBXFileReference; lastKnownFileType = sourcecode.swift; path = PushNotificationExtension.swift; sourceTree = "<group>"; };
		372FD1D01FFEC28200A63AAE /* MainViewController.swift */ = {isa = PBXFileReference; lastKnownFileType = sourcecode.swift; path = MainViewController.swift; sourceTree = "<group>"; };
		372FD1D21FFEC84E00A63AAE /* TestingPushNotifications.entitlements */ = {isa = PBXFileReference; lastKnownFileType = text.plist.entitlements; path = TestingPushNotifications.entitlements; sourceTree = "<group>"; };
		372FD1D41FFECC8600A63AAE /* PushNotificationHandler.swift */ = {isa = PBXFileReference; lastKnownFileType = sourcecode.swift; path = PushNotificationHandler.swift; sourceTree = "<group>"; };
		372FD1D61FFECFB000A63AAE /* apns_dev.p12 */ = {isa = PBXFileReference; lastKnownFileType = file; path = apns_dev.p12; sourceTree = "<group>"; };
		375DA25B1FFD80A2008FE6E5 /* Theft.storyboard */ = {isa = PBXFileReference; lastKnownFileType = file.storyboard; path = Theft.storyboard; sourceTree = "<group>"; };
		375DA25D1FFD80B2008FE6E5 /* TheftViewController.swift */ = {isa = PBXFileReference; lastKnownFileType = sourcecode.swift; path = TheftViewController.swift; sourceTree = "<group>"; };
		375DA2631FFD8184008FE6E5 /* TestingPushNotificationsTests.xctest */ = {isa = PBXFileReference; explicitFileType = wrapper.cfbundle; includeInIndex = 0; path = TestingPushNotificationsTests.xctest; sourceTree = BUILT_PRODUCTS_DIR; };
		375DA2671FFD8184008FE6E5 /* Info.plist */ = {isa = PBXFileReference; lastKnownFileType = text.plist.xml; path = Info.plist; sourceTree = "<group>"; };
		375DA26D1FFD8199008FE6E5 /* TheftViewControllerTests.swift */ = {isa = PBXFileReference; lastKnownFileType = sourcecode.swift; path = TheftViewControllerTests.swift; sourceTree = "<group>"; };
		379E88D920239F9800B1CEED /* MainViewControllerUITests.swift */ = {isa = PBXFileReference; lastKnownFileType = sourcecode.swift; path = MainViewControllerUITests.swift; sourceTree = "<group>"; };
		37A6441E2030D3B100EB7767 /* BikePosition.swift */ = {isa = PBXFileReference; lastKnownFileType = sourcecode.swift; path = BikePosition.swift; sourceTree = "<group>"; };
		37A644222030EAE500EB7767 /* SpringBoardActionableNotification.swift */ = {isa = PBXFileReference; lastKnownFileType = sourcecode.swift; path = SpringBoardActionableNotification.swift; sourceTree = "<group>"; };
		37DE60761FFD7CE500137FCE /* TestingPushNotifications.app */ = {isa = PBXFileReference; explicitFileType = wrapper.application; includeInIndex = 0; path = TestingPushNotifications.app; sourceTree = BUILT_PRODUCTS_DIR; };
		37DE60791FFD7CE500137FCE /* AppDelegate.swift */ = {isa = PBXFileReference; lastKnownFileType = sourcecode.swift; path = AppDelegate.swift; sourceTree = "<group>"; };
		37DE607E1FFD7CE500137FCE /* Base */ = {isa = PBXFileReference; lastKnownFileType = file.storyboard; name = Base; path = Base.lproj/Main.storyboard; sourceTree = "<group>"; };
		37DE60801FFD7CE500137FCE /* Assets.xcassets */ = {isa = PBXFileReference; lastKnownFileType = folder.assetcatalog; path = Assets.xcassets; sourceTree = "<group>"; };
		37DE60831FFD7CE500137FCE /* Base */ = {isa = PBXFileReference; lastKnownFileType = file.storyboard; name = Base; path = Base.lproj/LaunchScreen.storyboard; sourceTree = "<group>"; };
		37DE60851FFD7CE500137FCE /* Info.plist */ = {isa = PBXFileReference; lastKnownFileType = text.plist.xml; path = Info.plist; sourceTree = "<group>"; };
		37DE608A1FFD7CE500137FCE /* TestingPushNotificationsUITests.xctest */ = {isa = PBXFileReference; explicitFileType = wrapper.cfbundle; includeInIndex = 0; path = TestingPushNotificationsUITests.xctest; sourceTree = BUILT_PRODUCTS_DIR; };
		37DE608E1FFD7CE500137FCE /* TestingPushNotificationsUITests.swift */ = {isa = PBXFileReference; lastKnownFileType = sourcecode.swift; path = TestingPushNotificationsUITests.swift; sourceTree = "<group>"; };
		37DE60901FFD7CE500137FCE /* Info.plist */ = {isa = PBXFileReference; lastKnownFileType = text.plist.xml; path = Info.plist; sourceTree = "<group>"; };
		5F36F29888470FA71BC15F81 /* Pods_TestingPushNotificationsUITests.framework */ = {isa = PBXFileReference; explicitFileType = wrapper.framework; includeInIndex = 0; path = Pods_TestingPushNotificationsUITests.framework; sourceTree = BUILT_PRODUCTS_DIR; };
		E7B4C8A890DB799B57EA1B23 /* Pods-TestingPushNotificationsUITests.debug.xcconfig */ = {isa = PBXFileReference; includeInIndex = 1; lastKnownFileType = text.xcconfig; name = "Pods-TestingPushNotificationsUITests.debug.xcconfig"; path = "Pods/Target Support Files/Pods-TestingPushNotificationsUITests/Pods-TestingPushNotificationsUITests.debug.xcconfig"; sourceTree = "<group>"; };
/* End PBXFileReference section */

/* Begin PBXFrameworksBuildPhase section */
		375DA2601FFD8184008FE6E5 /* Frameworks */ = {
			isa = PBXFrameworksBuildPhase;
			buildActionMask = 2147483647;
			files = (
			);
			runOnlyForDeploymentPostprocessing = 0;
		};
		37DE60731FFD7CE500137FCE /* Frameworks */ = {
			isa = PBXFrameworksBuildPhase;
			buildActionMask = 2147483647;
			files = (
				65839AB2FC40FD896EC5EDB8 /* Pods_TestingPushNotifications.framework in Frameworks */,
			);
			runOnlyForDeploymentPostprocessing = 0;
		};
		37DE60871FFD7CE500137FCE /* Frameworks */ = {
			isa = PBXFrameworksBuildPhase;
			buildActionMask = 2147483647;
			files = (
				6459FF56FD81D1463991B75A /* Pods_TestingPushNotificationsUITests.framework in Frameworks */,
			);
			runOnlyForDeploymentPostprocessing = 0;
		};
/* End PBXFrameworksBuildPhase section */

/* Begin PBXGroup section */
		372FD1D31FFECC6A00A63AAE /* Handlers */ = {
			isa = PBXGroup;
			children = (
				372FD1D41FFECC8600A63AAE /* PushNotificationHandler.swift */,
			);
			path = Handlers;
			sourceTree = "<group>";
		};
		375DA2581FFD8071008FE6E5 /* Main */ = {
			isa = PBXGroup;
			children = (
				37DE607D1FFD7CE500137FCE /* Main.storyboard */,
				372FD1D01FFEC28200A63AAE /* MainViewController.swift */,
			);
			path = Main;
			sourceTree = "<group>";
		};
		375DA2591FFD807B008FE6E5 /* Modules */ = {
			isa = PBXGroup;
			children = (
				375DA25A1FFD8082008FE6E5 /* Theft */,
				375DA2581FFD8071008FE6E5 /* Main */,
			);
			path = Modules;
			sourceTree = "<group>";
		};
		375DA25A1FFD8082008FE6E5 /* Theft */ = {
			isa = PBXGroup;
			children = (
				375DA25B1FFD80A2008FE6E5 /* Theft.storyboard */,
				375DA25D1FFD80B2008FE6E5 /* TheftViewController.swift */,
				37A6441E2030D3B100EB7767 /* BikePosition.swift */,
			);
			path = Theft;
			sourceTree = "<group>";
		};
		375DA2641FFD8184008FE6E5 /* TestingPushNotificationsTests */ = {
			isa = PBXGroup;
			children = (
				375DA2671FFD8184008FE6E5 /* Info.plist */,
				375DA26D1FFD8199008FE6E5 /* TheftViewControllerTests.swift */,
			);
			path = TestingPushNotificationsTests;
			sourceTree = "<group>";
		};
		37A644212030EADA00EB7767 /* Resources */ = {
			isa = PBXGroup;
			children = (
				37A644222030EAE500EB7767 /* SpringBoardActionableNotification.swift */,
				3707B87720336E5F007C9925 /* SpringBoardActionableTextInputNotification.swift */,
				3707B87920337A7E007C9925 /* ControlCenter.swift */,
				3707B87D20338833007C9925 /* PushNotificationExtension.swift */,
			);
			path = Resources;
			sourceTree = "<group>";
		};
		37DE606D1FFD7CE500137FCE = {
			isa = PBXGroup;
			children = (
				37DE60781FFD7CE500137FCE /* TestingPushNotifications */,
				37DE608D1FFD7CE500137FCE /* TestingPushNotificationsUITests */,
				375DA2641FFD8184008FE6E5 /* TestingPushNotificationsTests */,
				37DE60771FFD7CE500137FCE /* Products */,
				998E8328B19B6A9CE6D3BD68 /* Pods */,
				ACB73801D52CE0CCEA5DB5F8 /* Frameworks */,
			);
			sourceTree = "<group>";
		};
		37DE60771FFD7CE500137FCE /* Products */ = {
			isa = PBXGroup;
			children = (
				37DE60761FFD7CE500137FCE /* TestingPushNotifications.app */,
				37DE608A1FFD7CE500137FCE /* TestingPushNotificationsUITests.xctest */,
				375DA2631FFD8184008FE6E5 /* TestingPushNotificationsTests.xctest */,
			);
			name = Products;
			sourceTree = "<group>";
		};
		37DE60781FFD7CE500137FCE /* TestingPushNotifications */ = {
			isa = PBXGroup;
			children = (
				372FD1D31FFECC6A00A63AAE /* Handlers */,
				372FD1D21FFEC84E00A63AAE /* TestingPushNotifications.entitlements */,
				375DA2591FFD807B008FE6E5 /* Modules */,
				37DE60791FFD7CE500137FCE /* AppDelegate.swift */,
				37DE60801FFD7CE500137FCE /* Assets.xcassets */,
				37DE60821FFD7CE500137FCE /* LaunchScreen.storyboard */,
				37DE60851FFD7CE500137FCE /* Info.plist */,
			);
			path = TestingPushNotifications;
			sourceTree = "<group>";
		};
		37DE608D1FFD7CE500137FCE /* TestingPushNotificationsUITests */ = {
			isa = PBXGroup;
			children = (
				37A644212030EADA00EB7767 /* Resources */,
				372FD1D61FFECFB000A63AAE /* apns_dev.p12 */,
				37DE60901FFD7CE500137FCE /* Info.plist */,
				37DE608E1FFD7CE500137FCE /* TestingPushNotificationsUITests.swift */,
				379E88D920239F9800B1CEED /* MainViewControllerUITests.swift */,
				3707B87B20337AAA007C9925 /* ControlCenterUITests.swift */,
			);
			path = TestingPushNotificationsUITests;
			sourceTree = "<group>";
		};
		998E8328B19B6A9CE6D3BD68 /* Pods */ = {
			isa = PBXGroup;
			children = (
				115928661A071386FCA87DF6 /* Pods-TestingPushNotifications.debug.xcconfig */,
				13CA971DA2235E823D37152C /* Pods-TestingPushNotifications.release.xcconfig */,
				E7B4C8A890DB799B57EA1B23 /* Pods-TestingPushNotificationsUITests.debug.xcconfig */,
				33D5089623FFC0C006B00725 /* Pods-TestingPushNotificationsUITests.release.xcconfig */,
			);
			name = Pods;
			sourceTree = "<group>";
		};
		ACB73801D52CE0CCEA5DB5F8 /* Frameworks */ = {
			isa = PBXGroup;
			children = (
				300BAEEB7C7ED07929A9A3E1 /* Pods_TestingPushNotifications.framework */,
				5F36F29888470FA71BC15F81 /* Pods_TestingPushNotificationsUITests.framework */,
			);
			name = Frameworks;
			sourceTree = "<group>";
		};
/* End PBXGroup section */

/* Begin PBXNativeTarget section */
		375DA2621FFD8184008FE6E5 /* TestingPushNotificationsTests */ = {
			isa = PBXNativeTarget;
			buildConfigurationList = 375DA26A1FFD8184008FE6E5 /* Build configuration list for PBXNativeTarget "TestingPushNotificationsTests" */;
			buildPhases = (
				375DA25F1FFD8184008FE6E5 /* Sources */,
				375DA2601FFD8184008FE6E5 /* Frameworks */,
				375DA2611FFD8184008FE6E5 /* Resources */,
			);
			buildRules = (
			);
			dependencies = (
				375DA2691FFD8184008FE6E5 /* PBXTargetDependency */,
			);
			name = TestingPushNotificationsTests;
			productName = TestingPushNotificationsTests;
			productReference = 375DA2631FFD8184008FE6E5 /* TestingPushNotificationsTests.xctest */;
			productType = "com.apple.product-type.bundle.unit-test";
		};
		37DE60751FFD7CE500137FCE /* TestingPushNotifications */ = {
			isa = PBXNativeTarget;
			buildConfigurationList = 37DE60931FFD7CE500137FCE /* Build configuration list for PBXNativeTarget "TestingPushNotifications" */;
			buildPhases = (
				A4616A0984A1CC761B239EAD /* [CP] Check Pods Manifest.lock */,
				37DE60721FFD7CE500137FCE /* Sources */,
				37DE60731FFD7CE500137FCE /* Frameworks */,
				37DE60741FFD7CE500137FCE /* Resources */,
				6794C3E8161E54598BC8C1F3 /* [CP] Embed Pods Frameworks */,
				0E579361100AF8B9332D166A /* [CP] Copy Pods Resources */,
			);
			buildRules = (
			);
			dependencies = (
			);
			name = TestingPushNotifications;
			productName = TestingPushNotifications;
			productReference = 37DE60761FFD7CE500137FCE /* TestingPushNotifications.app */;
			productType = "com.apple.product-type.application";
		};
		37DE60891FFD7CE500137FCE /* TestingPushNotificationsUITests */ = {
			isa = PBXNativeTarget;
			buildConfigurationList = 37DE60961FFD7CE500137FCE /* Build configuration list for PBXNativeTarget "TestingPushNotificationsUITests" */;
			buildPhases = (
				807347496FF1E750A08DCD20 /* [CP] Check Pods Manifest.lock */,
				37DE60861FFD7CE500137FCE /* Sources */,
				37DE60871FFD7CE500137FCE /* Frameworks */,
				37DE60881FFD7CE500137FCE /* Resources */,
				DE63EAC56C2FB28B16CD35C5 /* [CP] Embed Pods Frameworks */,
				FF54DE502359E1D824AB8A2A /* [CP] Copy Pods Resources */,
			);
			buildRules = (
			);
			dependencies = (
				37DE608C1FFD7CE500137FCE /* PBXTargetDependency */,
			);
			name = TestingPushNotificationsUITests;
			productName = TestingPushNotificationsUITests;
			productReference = 37DE608A1FFD7CE500137FCE /* TestingPushNotificationsUITests.xctest */;
			productType = "com.apple.product-type.bundle.ui-testing";
		};
/* End PBXNativeTarget section */

/* Begin PBXProject section */
		37DE606E1FFD7CE500137FCE /* Project object */ = {
			isa = PBXProject;
			attributes = {
				LastSwiftUpdateCheck = 0920;
				LastUpgradeCheck = 0920;
				ORGANIZATIONNAME = "Nicolas Garcia";
				TargetAttributes = {
					375DA2621FFD8184008FE6E5 = {
						CreatedOnToolsVersion = 9.2;
						ProvisioningStyle = Automatic;
						TestTargetID = 37DE60751FFD7CE500137FCE;
					};
					37DE60751FFD7CE500137FCE = {
						CreatedOnToolsVersion = 9.2;
						ProvisioningStyle = Automatic;
						SystemCapabilities = {
							com.apple.BackgroundModes = {
								enabled = 1;
							};
							com.apple.Push = {
								enabled = 1;
							};
						};
					};
					37DE60891FFD7CE500137FCE = {
						CreatedOnToolsVersion = 9.2;
						ProvisioningStyle = Automatic;
						TestTargetID = 37DE60751FFD7CE500137FCE;
					};
				};
			};
			buildConfigurationList = 37DE60711FFD7CE500137FCE /* Build configuration list for PBXProject "TestingPushNotifications" */;
			compatibilityVersion = "Xcode 8.0";
			developmentRegion = en;
			hasScannedForEncodings = 0;
			knownRegions = (
				en,
				Base,
			);
			mainGroup = 37DE606D1FFD7CE500137FCE;
			productRefGroup = 37DE60771FFD7CE500137FCE /* Products */;
			projectDirPath = "";
			projectRoot = "";
			targets = (
				37DE60751FFD7CE500137FCE /* TestingPushNotifications */,
				37DE60891FFD7CE500137FCE /* TestingPushNotificationsUITests */,
				375DA2621FFD8184008FE6E5 /* TestingPushNotificationsTests */,
			);
		};
/* End PBXProject section */

/* Begin PBXResourcesBuildPhase section */
		375DA2611FFD8184008FE6E5 /* Resources */ = {
			isa = PBXResourcesBuildPhase;
			buildActionMask = 2147483647;
			files = (
			);
			runOnlyForDeploymentPostprocessing = 0;
		};
		37DE60741FFD7CE500137FCE /* Resources */ = {
			isa = PBXResourcesBuildPhase;
			buildActionMask = 2147483647;
			files = (
				37DE60841FFD7CE500137FCE /* LaunchScreen.storyboard in Resources */,
				37DE60811FFD7CE500137FCE /* Assets.xcassets in Resources */,
				375DA25C1FFD80A2008FE6E5 /* Theft.storyboard in Resources */,
				37DE607F1FFD7CE500137FCE /* Main.storyboard in Resources */,
			);
			runOnlyForDeploymentPostprocessing = 0;
		};
		37DE60881FFD7CE500137FCE /* Resources */ = {
			isa = PBXResourcesBuildPhase;
			buildActionMask = 2147483647;
			files = (
				372FD1D71FFECFB000A63AAE /* apns_dev.p12 in Resources */,
			);
			runOnlyForDeploymentPostprocessing = 0;
		};
/* End PBXResourcesBuildPhase section */

/* Begin PBXShellScriptBuildPhase section */
		0E579361100AF8B9332D166A /* [CP] Copy Pods Resources */ = {
			isa = PBXShellScriptBuildPhase;
			buildActionMask = 2147483647;
			files = (
			);
			inputPaths = (
			);
			name = "[CP] Copy Pods Resources";
			outputPaths = (
			);
			runOnlyForDeploymentPostprocessing = 0;
			shellPath = /bin/sh;
			shellScript = "\"${SRCROOT}/Pods/Target Support Files/Pods-TestingPushNotifications/Pods-TestingPushNotifications-resources.sh\"\n";
			showEnvVarsInLog = 0;
		};
		6794C3E8161E54598BC8C1F3 /* [CP] Embed Pods Frameworks */ = {
			isa = PBXShellScriptBuildPhase;
			buildActionMask = 2147483647;
			files = (
			);
			inputPaths = (
			);
			name = "[CP] Embed Pods Frameworks";
			outputPaths = (
			);
			runOnlyForDeploymentPostprocessing = 0;
			shellPath = /bin/sh;
			shellScript = "\"${SRCROOT}/Pods/Target Support Files/Pods-TestingPushNotifications/Pods-TestingPushNotifications-frameworks.sh\"\n";
			showEnvVarsInLog = 0;
		};
		807347496FF1E750A08DCD20 /* [CP] Check Pods Manifest.lock */ = {
			isa = PBXShellScriptBuildPhase;
			buildActionMask = 2147483647;
			files = (
			);
			inputPaths = (
				"${PODS_PODFILE_DIR_PATH}/Podfile.lock",
				"${PODS_ROOT}/Manifest.lock",
			);
			name = "[CP] Check Pods Manifest.lock";
			outputPaths = (
				"$(DERIVED_FILE_DIR)/Pods-TestingPushNotificationsUITests-checkManifestLockResult.txt",
			);
			runOnlyForDeploymentPostprocessing = 0;
			shellPath = /bin/sh;
			shellScript = "diff \"${PODS_PODFILE_DIR_PATH}/Podfile.lock\" \"${PODS_ROOT}/Manifest.lock\" > /dev/null\nif [ $? != 0 ] ; then\n    # print error to STDERR\n    echo \"error: The sandbox is not in sync with the Podfile.lock. Run 'pod install' or update your CocoaPods installation.\" >&2\n    exit 1\nfi\n# This output is used by Xcode 'outputs' to avoid re-running this script phase.\necho \"SUCCESS\" > \"${SCRIPT_OUTPUT_FILE_0}\"\n";
			showEnvVarsInLog = 0;
		};
		A4616A0984A1CC761B239EAD /* [CP] Check Pods Manifest.lock */ = {
			isa = PBXShellScriptBuildPhase;
			buildActionMask = 2147483647;
			files = (
			);
			inputPaths = (
				"${PODS_PODFILE_DIR_PATH}/Podfile.lock",
				"${PODS_ROOT}/Manifest.lock",
			);
			name = "[CP] Check Pods Manifest.lock";
			outputPaths = (
				"$(DERIVED_FILE_DIR)/Pods-TestingPushNotifications-checkManifestLockResult.txt",
			);
			runOnlyForDeploymentPostprocessing = 0;
			shellPath = /bin/sh;
			shellScript = "diff \"${PODS_PODFILE_DIR_PATH}/Podfile.lock\" \"${PODS_ROOT}/Manifest.lock\" > /dev/null\nif [ $? != 0 ] ; then\n    # print error to STDERR\n    echo \"error: The sandbox is not in sync with the Podfile.lock. Run 'pod install' or update your CocoaPods installation.\" >&2\n    exit 1\nfi\n# This output is used by Xcode 'outputs' to avoid re-running this script phase.\necho \"SUCCESS\" > \"${SCRIPT_OUTPUT_FILE_0}\"\n";
			showEnvVarsInLog = 0;
		};
		DE63EAC56C2FB28B16CD35C5 /* [CP] Embed Pods Frameworks */ = {
			isa = PBXShellScriptBuildPhase;
			buildActionMask = 2147483647;
			files = (
			);
			inputPaths = (
				"${SRCROOT}/Pods/Target Support Files/Pods-TestingPushNotificationsUITests/Pods-TestingPushNotificationsUITests-frameworks.sh",
				"${BUILT_PRODUCTS_DIR}/NWPusher/NWPusher.framework",
			);
			name = "[CP] Embed Pods Frameworks";
			outputPaths = (
				"${TARGET_BUILD_DIR}/${FRAMEWORKS_FOLDER_PATH}/NWPusher.framework",
			);
			runOnlyForDeploymentPostprocessing = 0;
			shellPath = /bin/sh;
			shellScript = "\"${SRCROOT}/Pods/Target Support Files/Pods-TestingPushNotificationsUITests/Pods-TestingPushNotificationsUITests-frameworks.sh\"\n";
			showEnvVarsInLog = 0;
		};
		FF54DE502359E1D824AB8A2A /* [CP] Copy Pods Resources */ = {
			isa = PBXShellScriptBuildPhase;
			buildActionMask = 2147483647;
			files = (
			);
			inputPaths = (
			);
			name = "[CP] Copy Pods Resources";
			outputPaths = (
			);
			runOnlyForDeploymentPostprocessing = 0;
			shellPath = /bin/sh;
			shellScript = "\"${SRCROOT}/Pods/Target Support Files/Pods-TestingPushNotificationsUITests/Pods-TestingPushNotificationsUITests-resources.sh\"\n";
			showEnvVarsInLog = 0;
		};
/* End PBXShellScriptBuildPhase section */

/* Begin PBXSourcesBuildPhase section */
		375DA25F1FFD8184008FE6E5 /* Sources */ = {
			isa = PBXSourcesBuildPhase;
			buildActionMask = 2147483647;
			files = (
				375DA26E1FFD8199008FE6E5 /* TheftViewControllerTests.swift in Sources */,
			);
			runOnlyForDeploymentPostprocessing = 0;
		};
		37DE60721FFD7CE500137FCE /* Sources */ = {
			isa = PBXSourcesBuildPhase;
			buildActionMask = 2147483647;
			files = (
				37DE607A1FFD7CE500137FCE /* AppDelegate.swift in Sources */,
				375DA25E1FFD80B2008FE6E5 /* TheftViewController.swift in Sources */,
				372FD1D51FFECC8600A63AAE /* PushNotificationHandler.swift in Sources */,
				372FD1D11FFEC28200A63AAE /* MainViewController.swift in Sources */,
				37A6441F2030D3B100EB7767 /* BikePosition.swift in Sources */,
			);
			runOnlyForDeploymentPostprocessing = 0;
		};
		37DE60861FFD7CE500137FCE /* Sources */ = {
			isa = PBXSourcesBuildPhase;
			buildActionMask = 2147483647;
			files = (
				3707B87C20337AAA007C9925 /* ControlCenterUITests.swift in Sources */,
				3707B87820336E5F007C9925 /* SpringBoardActionableTextInputNotification.swift in Sources */,
				3707B87A20337A7E007C9925 /* ControlCenter.swift in Sources */,
				3707B87E20338833007C9925 /* PushNotificationExtension.swift in Sources */,
				37A644232030EAE500EB7767 /* SpringBoardActionableNotification.swift in Sources */,
				37DE608F1FFD7CE500137FCE /* TestingPushNotificationsUITests.swift in Sources */,
				379E88DA20239F9800B1CEED /* MainViewControllerUITests.swift in Sources */,
			);
			runOnlyForDeploymentPostprocessing = 0;
		};
/* End PBXSourcesBuildPhase section */

/* Begin PBXTargetDependency section */
		375DA2691FFD8184008FE6E5 /* PBXTargetDependency */ = {
			isa = PBXTargetDependency;
			target = 37DE60751FFD7CE500137FCE /* TestingPushNotifications */;
			targetProxy = 375DA2681FFD8184008FE6E5 /* PBXContainerItemProxy */;
		};
		37DE608C1FFD7CE500137FCE /* PBXTargetDependency */ = {
			isa = PBXTargetDependency;
			target = 37DE60751FFD7CE500137FCE /* TestingPushNotifications */;
			targetProxy = 37DE608B1FFD7CE500137FCE /* PBXContainerItemProxy */;
		};
/* End PBXTargetDependency section */

/* Begin PBXVariantGroup section */
		37DE607D1FFD7CE500137FCE /* Main.storyboard */ = {
			isa = PBXVariantGroup;
			children = (
				37DE607E1FFD7CE500137FCE /* Base */,
			);
			name = Main.storyboard;
			sourceTree = "<group>";
		};
		37DE60821FFD7CE500137FCE /* LaunchScreen.storyboard */ = {
			isa = PBXVariantGroup;
			children = (
				37DE60831FFD7CE500137FCE /* Base */,
			);
			name = LaunchScreen.storyboard;
			sourceTree = "<group>";
		};
/* End PBXVariantGroup section */

/* Begin XCBuildConfiguration section */
		375DA26B1FFD8184008FE6E5 /* Debug */ = {
			isa = XCBuildConfiguration;
			buildSettings = {
				BUNDLE_LOADER = "$(TEST_HOST)";
				CODE_SIGN_STYLE = Automatic;
				DEVELOPMENT_TEAM = 65YB6DCTMJ;
				INFOPLIST_FILE = TestingPushNotificationsTests/Info.plist;
				LD_RUNPATH_SEARCH_PATHS = "$(inherited) @executable_path/Frameworks @loader_path/Frameworks";
				PRODUCT_BUNDLE_IDENTIFIER = com.ngarcia.TestingPushNotificationsTests;
				PRODUCT_NAME = "$(TARGET_NAME)";
				SWIFT_VERSION = 4.0;
				TARGETED_DEVICE_FAMILY = "1,2";
				TEST_HOST = "$(BUILT_PRODUCTS_DIR)/TestingPushNotifications.app/TestingPushNotifications";
			};
			name = Debug;
		};
		375DA26C1FFD8184008FE6E5 /* Release */ = {
			isa = XCBuildConfiguration;
			buildSettings = {
				BUNDLE_LOADER = "$(TEST_HOST)";
				CODE_SIGN_STYLE = Automatic;
				DEVELOPMENT_TEAM = 65YB6DCTMJ;
				INFOPLIST_FILE = TestingPushNotificationsTests/Info.plist;
				LD_RUNPATH_SEARCH_PATHS = "$(inherited) @executable_path/Frameworks @loader_path/Frameworks";
				PRODUCT_BUNDLE_IDENTIFIER = com.ngarcia.TestingPushNotificationsTests;
				PRODUCT_NAME = "$(TARGET_NAME)";
				SWIFT_VERSION = 4.0;
				TARGETED_DEVICE_FAMILY = "1,2";
				TEST_HOST = "$(BUILT_PRODUCTS_DIR)/TestingPushNotifications.app/TestingPushNotifications";
			};
			name = Release;
		};
		37DE60911FFD7CE500137FCE /* Debug */ = {
			isa = XCBuildConfiguration;
			buildSettings = {
				ALWAYS_SEARCH_USER_PATHS = NO;
				CLANG_ANALYZER_NONNULL = YES;
				CLANG_ANALYZER_NUMBER_OBJECT_CONVERSION = YES_AGGRESSIVE;
				CLANG_CXX_LANGUAGE_STANDARD = "gnu++14";
				CLANG_CXX_LIBRARY = "libc++";
				CLANG_ENABLE_MODULES = YES;
				CLANG_ENABLE_OBJC_ARC = YES;
				CLANG_WARN_BLOCK_CAPTURE_AUTORELEASING = YES;
				CLANG_WARN_BOOL_CONVERSION = YES;
				CLANG_WARN_COMMA = YES;
				CLANG_WARN_CONSTANT_CONVERSION = YES;
				CLANG_WARN_DIRECT_OBJC_ISA_USAGE = YES_ERROR;
				CLANG_WARN_DOCUMENTATION_COMMENTS = YES;
				CLANG_WARN_EMPTY_BODY = YES;
				CLANG_WARN_ENUM_CONVERSION = YES;
				CLANG_WARN_INFINITE_RECURSION = YES;
				CLANG_WARN_INT_CONVERSION = YES;
				CLANG_WARN_NON_LITERAL_NULL_CONVERSION = YES;
				CLANG_WARN_OBJC_LITERAL_CONVERSION = YES;
				CLANG_WARN_OBJC_ROOT_CLASS = YES_ERROR;
				CLANG_WARN_RANGE_LOOP_ANALYSIS = YES;
				CLANG_WARN_STRICT_PROTOTYPES = YES;
				CLANG_WARN_SUSPICIOUS_MOVE = YES;
				CLANG_WARN_UNGUARDED_AVAILABILITY = YES_AGGRESSIVE;
				CLANG_WARN_UNREACHABLE_CODE = YES;
				CLANG_WARN__DUPLICATE_METHOD_MATCH = YES;
				CODE_SIGN_IDENTITY = "iPhone Developer";
				COPY_PHASE_STRIP = NO;
				DEBUG_INFORMATION_FORMAT = dwarf;
				ENABLE_STRICT_OBJC_MSGSEND = YES;
				ENABLE_TESTABILITY = YES;
				GCC_C_LANGUAGE_STANDARD = gnu11;
				GCC_DYNAMIC_NO_PIC = NO;
				GCC_NO_COMMON_BLOCKS = YES;
				GCC_OPTIMIZATION_LEVEL = 0;
				GCC_PREPROCESSOR_DEFINITIONS = (
					"DEBUG=1",
					"$(inherited)",
				);
				GCC_WARN_64_TO_32_BIT_CONVERSION = YES;
				GCC_WARN_ABOUT_RETURN_TYPE = YES_ERROR;
				GCC_WARN_UNDECLARED_SELECTOR = YES;
				GCC_WARN_UNINITIALIZED_AUTOS = YES_AGGRESSIVE;
				GCC_WARN_UNUSED_FUNCTION = YES;
				GCC_WARN_UNUSED_VARIABLE = YES;
				IPHONEOS_DEPLOYMENT_TARGET = 11.2;
				MTL_ENABLE_DEBUG_INFO = YES;
				ONLY_ACTIVE_ARCH = YES;
				SDKROOT = iphoneos;
				SWIFT_ACTIVE_COMPILATION_CONDITIONS = DEBUG;
				SWIFT_OPTIMIZATION_LEVEL = "-Onone";
			};
			name = Debug;
		};
		37DE60921FFD7CE500137FCE /* Release */ = {
			isa = XCBuildConfiguration;
			buildSettings = {
				ALWAYS_SEARCH_USER_PATHS = NO;
				CLANG_ANALYZER_NONNULL = YES;
				CLANG_ANALYZER_NUMBER_OBJECT_CONVERSION = YES_AGGRESSIVE;
				CLANG_CXX_LANGUAGE_STANDARD = "gnu++14";
				CLANG_CXX_LIBRARY = "libc++";
				CLANG_ENABLE_MODULES = YES;
				CLANG_ENABLE_OBJC_ARC = YES;
				CLANG_WARN_BLOCK_CAPTURE_AUTORELEASING = YES;
				CLANG_WARN_BOOL_CONVERSION = YES;
				CLANG_WARN_COMMA = YES;
				CLANG_WARN_CONSTANT_CONVERSION = YES;
				CLANG_WARN_DIRECT_OBJC_ISA_USAGE = YES_ERROR;
				CLANG_WARN_DOCUMENTATION_COMMENTS = YES;
				CLANG_WARN_EMPTY_BODY = YES;
				CLANG_WARN_ENUM_CONVERSION = YES;
				CLANG_WARN_INFINITE_RECURSION = YES;
				CLANG_WARN_INT_CONVERSION = YES;
				CLANG_WARN_NON_LITERAL_NULL_CONVERSION = YES;
				CLANG_WARN_OBJC_LITERAL_CONVERSION = YES;
				CLANG_WARN_OBJC_ROOT_CLASS = YES_ERROR;
				CLANG_WARN_RANGE_LOOP_ANALYSIS = YES;
				CLANG_WARN_STRICT_PROTOTYPES = YES;
				CLANG_WARN_SUSPICIOUS_MOVE = YES;
				CLANG_WARN_UNGUARDED_AVAILABILITY = YES_AGGRESSIVE;
				CLANG_WARN_UNREACHABLE_CODE = YES;
				CLANG_WARN__DUPLICATE_METHOD_MATCH = YES;
				CODE_SIGN_IDENTITY = "iPhone Developer";
				COPY_PHASE_STRIP = NO;
				DEBUG_INFORMATION_FORMAT = "dwarf-with-dsym";
				ENABLE_NS_ASSERTIONS = NO;
				ENABLE_STRICT_OBJC_MSGSEND = YES;
				GCC_C_LANGUAGE_STANDARD = gnu11;
				GCC_NO_COMMON_BLOCKS = YES;
				GCC_WARN_64_TO_32_BIT_CONVERSION = YES;
				GCC_WARN_ABOUT_RETURN_TYPE = YES_ERROR;
				GCC_WARN_UNDECLARED_SELECTOR = YES;
				GCC_WARN_UNINITIALIZED_AUTOS = YES_AGGRESSIVE;
				GCC_WARN_UNUSED_FUNCTION = YES;
				GCC_WARN_UNUSED_VARIABLE = YES;
				IPHONEOS_DEPLOYMENT_TARGET = 11.2;
				MTL_ENABLE_DEBUG_INFO = NO;
				SDKROOT = iphoneos;
				SWIFT_OPTIMIZATION_LEVEL = "-Owholemodule";
				VALIDATE_PRODUCT = YES;
			};
			name = Release;
		};
		37DE60941FFD7CE500137FCE /* Debug */ = {
			isa = XCBuildConfiguration;
			baseConfigurationReference = 115928661A071386FCA87DF6 /* Pods-TestingPushNotifications.debug.xcconfig */;
			buildSettings = {
				ASSETCATALOG_COMPILER_APPICON_NAME = AppIcon;
				CODE_SIGN_ENTITLEMENTS = TestingPushNotifications/TestingPushNotifications.entitlements;
				CODE_SIGN_STYLE = Automatic;
				DEVELOPMENT_TEAM = 65YB6DCTMJ;
				INFOPLIST_FILE = TestingPushNotifications/Info.plist;
				LD_RUNPATH_SEARCH_PATHS = "$(inherited) @executable_path/Frameworks";
				PRODUCT_BUNDLE_IDENTIFIER = com.ngarcia.TestingPushNotifications;
				PRODUCT_NAME = "$(TARGET_NAME)";
				SWIFT_VERSION = 4.0;
				TARGETED_DEVICE_FAMILY = "1,2";
			};
			name = Debug;
		};
		37DE60951FFD7CE500137FCE /* Release */ = {
			isa = XCBuildConfiguration;
			baseConfigurationReference = 13CA971DA2235E823D37152C /* Pods-TestingPushNotifications.release.xcconfig */;
			buildSettings = {
				ASSETCATALOG_COMPILER_APPICON_NAME = AppIcon;
				CODE_SIGN_ENTITLEMENTS = TestingPushNotifications/TestingPushNotifications.entitlements;
				CODE_SIGN_STYLE = Automatic;
				DEVELOPMENT_TEAM = 65YB6DCTMJ;
				INFOPLIST_FILE = TestingPushNotifications/Info.plist;
				LD_RUNPATH_SEARCH_PATHS = "$(inherited) @executable_path/Frameworks";
				PRODUCT_BUNDLE_IDENTIFIER = com.ngarcia.TestingPushNotifications;
				PRODUCT_NAME = "$(TARGET_NAME)";
				SWIFT_VERSION = 4.0;
				TARGETED_DEVICE_FAMILY = "1,2";
			};
			name = Release;
		};
		37DE60971FFD7CE500137FCE /* Debug */ = {
			isa = XCBuildConfiguration;
			baseConfigurationReference = E7B4C8A890DB799B57EA1B23 /* Pods-TestingPushNotificationsUITests.debug.xcconfig */;
			buildSettings = {
				ALWAYS_EMBED_SWIFT_STANDARD_LIBRARIES = YES;
				CODE_SIGN_STYLE = Automatic;
				DEVELOPMENT_TEAM = 65YB6DCTMJ;
				INFOPLIST_FILE = TestingPushNotificationsUITests/Info.plist;
				LD_RUNPATH_SEARCH_PATHS = "$(inherited) @executable_path/Frameworks @loader_path/Frameworks";
				PRODUCT_BUNDLE_IDENTIFIER = com.ngarcia.TestingPushNotificationsUITests;
				PRODUCT_NAME = "$(TARGET_NAME)";
				SWIFT_VERSION = 4.0;
				TARGETED_DEVICE_FAMILY = "1,2";
				TEST_TARGET_NAME = TestingPushNotifications;
			};
			name = Debug;
		};
		37DE60981FFD7CE500137FCE /* Release */ = {
			isa = XCBuildConfiguration;
			baseConfigurationReference = 33D5089623FFC0C006B00725 /* Pods-TestingPushNotificationsUITests.release.xcconfig */;
			buildSettings = {
				ALWAYS_EMBED_SWIFT_STANDARD_LIBRARIES = YES;
				CODE_SIGN_STYLE = Automatic;
				DEVELOPMENT_TEAM = 65YB6DCTMJ;
				INFOPLIST_FILE = TestingPushNotificationsUITests/Info.plist;
				LD_RUNPATH_SEARCH_PATHS = "$(inherited) @executable_path/Frameworks @loader_path/Frameworks";
				PRODUCT_BUNDLE_IDENTIFIER = com.ngarcia.TestingPushNotificationsUITests;
				PRODUCT_NAME = "$(TARGET_NAME)";
				SWIFT_VERSION = 4.0;
				TARGETED_DEVICE_FAMILY = "1,2";
				TEST_TARGET_NAME = TestingPushNotifications;
			};
			name = Release;
		};
/* End XCBuildConfiguration section */

/* Begin XCConfigurationList section */
		375DA26A1FFD8184008FE6E5 /* Build configuration list for PBXNativeTarget "TestingPushNotificationsTests" */ = {
			isa = XCConfigurationList;
			buildConfigurations = (
				375DA26B1FFD8184008FE6E5 /* Debug */,
				375DA26C1FFD8184008FE6E5 /* Release */,
			);
			defaultConfigurationIsVisible = 0;
			defaultConfigurationName = Release;
		};
		37DE60711FFD7CE500137FCE /* Build configuration list for PBXProject "TestingPushNotifications" */ = {
			isa = XCConfigurationList;
			buildConfigurations = (
				37DE60911FFD7CE500137FCE /* Debug */,
				37DE60921FFD7CE500137FCE /* Release */,
			);
			defaultConfigurationIsVisible = 0;
			defaultConfigurationName = Release;
		};
		37DE60931FFD7CE500137FCE /* Build configuration list for PBXNativeTarget "TestingPushNotifications" */ = {
			isa = XCConfigurationList;
			buildConfigurations = (
				37DE60941FFD7CE500137FCE /* Debug */,
				37DE60951FFD7CE500137FCE /* Release */,
			);
			defaultConfigurationIsVisible = 0;
			defaultConfigurationName = Release;
		};
		37DE60961FFD7CE500137FCE /* Build configuration list for PBXNativeTarget "TestingPushNotificationsUITests" */ = {
			isa = XCConfigurationList;
			buildConfigurations = (
				37DE60971FFD7CE500137FCE /* Debug */,
				37DE60981FFD7CE500137FCE /* Release */,
			);
			defaultConfigurationIsVisible = 0;
			defaultConfigurationName = Release;
		};
/* End XCConfigurationList section */
	};
	rootObject = 37DE606E1FFD7CE500137FCE /* Project object */;
}
